Microsoft Visual Studio Solution File, Format Version 12.00
# Visual Studio Version 17
VisualStudioVersion = 17.0.31912.275
MinimumVisualStudioVersion = 10.0.40219.1
Project("{FAE04EC0-301F-11D3-BF4B-00C04F79EFBC}") = "CrossPlatformCefFlashBrowser", "src\CrossPlatformCefFlashBrowser\CrossPlatformCefFlashBrowser.csproj", "{66E0ED40-6079-4DC7-8D98-D41A0D62C2A1}"
EndProject
Project("{FAE04EC0-301F-11D3-BF4B-00C04F79EFBC}") = "CrossPlatformCefFlashBrowser.Core", "src\CrossPlatformCefFlashBrowser.Core\CrossPlatformCefFlashBrowser.Core.csproj", "{8589E51D-E1D2-4952-9C02-5AE2B5CEBCDE}"
EndProject
Project("{FAE04EC0-301F-11D3-BF4B-00C04F79EFBC}") = "CrossPlatformCefFlashBrowser.Sol", "src\CrossPlatformCefFlashBrowser.Sol\CrossPlatformCefFlashBrowser.Sol.csproj", "{0D6F6D80-4B9F-46DA-B9B3-A58231C05DB1}"
EndProject
Global
GlobalSection(SolutionConfigurationPlatforms) = preSolution
Debug|Any CPU = Debug|Any CPU
Release|Any CPU = Release|Any CPU
EndGlobalSection
GlobalSection(ProjectConfigurationPlatforms) = postSolution
{66E0ED40-6079-4DC7-8D98-D41A0D62C2A1}.Debug|Any CPU.ActiveCfg = Debug|Any CPU
{66E0ED40-6079-4DC7-8D98-D41A0D62C2A1}.Debug|Any CPU.Build.0 = Debug|Any CPU
{66E0ED40-6079-4DC7-8D98-D41A0D62C2A1}.Release|Any CPU.ActiveCfg = Release|Any CPU
{66E0ED40-6079-4DC7-8D98-D41A0D62C2A1}.Release|Any CPU.Build.0 = Release|Any CPU
{8589E51D-E1D2-4952-9C02-5AE2B5CEBCDE}.Debug|Any CPU.ActiveCfg = Debug|Any CPU
{8589E51D-E1D2-4952-9C02-5AE2B5CEBCDE}.Debug|Any CPU.Build.0 = Debug|Any CPU
{8589E51D-E1D2-4952-9C02-5AE2B5CEBCDE}.Release|Any CPU.ActiveCfg = Release|Any CPU
{8589E51D-E1D2-4952-9C02-5AE2B5CEBCDE}.Release|Any CPU.Build.0 = Release|Any CPU
{0D6F6D80-4B9F-46DA-B9B3-A58231C05DB1}.Debug|Any CPU.ActiveCfg = Debug|Any CPU
{0D6F6D80-4B9F-46DA-B9B3-A58231C05DB1}.Debug|Any CPU.Build.0 = Debug|Any CPU
{0D6F6D80-4B9F-46DA-B9B3-A58231C05DB1}.Release|Any CPU.ActiveCfg = Release|Any CPU
{0D6F6D80-4B9F-46DA-B9B3-A58231C05DB1}.Release|Any CPU.Build.0 = Release|Any CPU
EndGlobalSection
GlobalSection(SolutionProperties) = preSolution
HideSolutionNode = FALSE
EndGlobalSection
EndGlobal
